
Microsoft Visual Studio Solution File, Format Version 12.00
# Visual Studio Version 16
VisualStudioVersion = 16.0.29613.14
MinimumVisualStudioVersion = 10.0.40219.1
Project("{9A19103F-16F7-4668-BE54-9A1E7A4F7556}") = "List", "List\List.csproj", "{D9E41C7E-C043-48FA-B965-776CA3991C33}"
EndProject
Project("{FAE04EC0-301F-11D3-BF4B-00C04F79EFBC}") = "ArrayListTests", "ArrayListTests\ArrayListTests.csproj", "{79D71679-9BF1-467E-BA4A-9891159204A1}"
EndProject
Global
	GlobalSection(SolutionConfigurationPlatforms) = preSolution
		Debug|Any CPU = Debug|Any CPU
		Release|Any CPU = Release|Any CPU
	EndGlobalSection
	GlobalSection(ProjectConfigurationPlatforms) = postSolution
		{D9E41C7E-C043-48FA-B965-776CA3991C33}.Debug|Any CPU.ActiveCfg = Debug|Any CPU
		{D9E41C7E-C043-48FA-B965-776CA3991C33}.Debug|Any CPU.Build.0 = Debug|Any CPU
		{D9E41C7E-C043-48FA-B965-776CA3991C33}.Release|Any CPU.ActiveCfg = Release|Any CPU
		{D9E41C7E-C043-48FA-B965-776CA3991C33}.Release|Any CPU.Build.0 = Release|Any CPU
		{79D71679-9BF1-467E-BA4A-9891159204A1}.Debug|Any CPU.ActiveCfg = Debug|Any CPU
		{79D71679-9BF1-467E-BA4A-9891159204A1}.Debug|Any CPU.Build.0 = Debug|Any CPU
		{79D71679-9BF1-467E-BA4A-9891159204A1}.Release|Any CPU.ActiveCfg = Release|Any CPU
		{79D71679-9BF1-467E-BA4A-9891159204A1}.Release|Any CPU.Build.0 = Release|Any CPU
	EndGlobalSection
	GlobalSection(SolutionProperties) = preSolution
		HideSolutionNode = FALSE
	EndGlobalSection
	GlobalSection(ExtensibilityGlobals) = postSolution
		SolutionGuid = {4725BFB8-AE16-475D-9470-6763027BBCFC}
	EndGlobalSection
EndGlobal
